
Microsoft Visual Studio Solution File, Format Version 12.00
# Visual Studio 14
VisualStudioVersion = 14.0.25420.1
MinimumVisualStudioVersion = 10.0.40219.1
Project("{E24C65DC-7377-472B-9ABA-BC803B73C61A}") = "theGreatTree", ".", "{8B6E1747-F5CD-4E83-B295-B73FDE2D2030}"
	ProjectSection(WebsiteProperties) = preProject
		TargetFrameworkMoniker = ".NETFramework,Version%3Dv4.5.2"
		Debug.AspNetCompiler.VirtualPath = "/localhost_51910"
		Debug.AspNetCompiler.PhysicalPath = "..\theGreatTree\"
		Debug.AspNetCompiler.TargetPath = "PrecompiledWeb\localhost_51910\"
		Debug.AspNetCompiler.Updateable = "true"
		Debug.AspNetCompiler.ForceOverwrite = "true"
		Debug.AspNetCompiler.FixedNames = "false"
		Debug.AspNetCompiler.Debug = "True"
		Release.AspNetCompiler.VirtualPath = "/localhost_51910"
		Release.AspNetCompiler.PhysicalPath = "..\theGreatTree\"
		Release.AspNetCompiler.TargetPath = "PrecompiledWeb\localhost_51910\"
		Release.AspNetCompiler.Updateable = "true"
		Release.AspNetCompiler.ForceOverwrite = "true"
		Release.AspNetCompiler.FixedNames = "false"
		Release.AspNetCompiler.Debug = "False"
		VWDPort = "51910"
		SlnRelativePath = "..\theGreatTree\"
		DefaultWebSiteLanguage = "Visual C#"
	EndProjectSection
EndProject
Global
	GlobalSection(SolutionConfigurationPlatforms) = preSolution
		Debug|Any CPU = Debug|Any CPU
	EndGlobalSection
	GlobalSection(ProjectConfigurationPlatforms) = postSolution
		{8B6E1747-F5CD-4E83-B295-B73FDE2D2030}.Debug|Any CPU.ActiveCfg = Debug|Any CPU
		{8B6E1747-F5CD-4E83-B295-B73FDE2D2030}.Debug|Any CPU.Build.0 = Debug|Any CPU
	EndGlobalSection
	GlobalSection(SolutionProperties) = preSolution
		HideSolutionNode = FALSE
	EndGlobalSection
EndGlobal
